
Microsoft Visual Studio Solution File, Format Version 12.00
# Visual Studio Version 17
VisualStudioVersion = 17.3.32825.248
MinimumVisualStudioVersion = 10.0.40219.1
Project("{9A19103F-16F7-4668-BE54-9A1E7A4F7556}") = "LPWCodePro", "LPWCodePro\LPWCodePro.csproj", "{99366A8D-40BE-4549-BDF4-AE55D9CFF0A5}"
EndProject
Project("{9A19103F-16F7-4668-BE54-9A1E7A4F7556}") = "LPWService", "LPWService\LPWService.csproj", "{F7FFA489-260E-4542-83EF-E4D21422553B}"
EndProject
Project("{9A19103F-16F7-4668-BE54-9A1E7A4F7556}") = "LPWBussion", "LPWBussion\LPWBussion.csproj", "{C1CDB551-2B8F-4F4B-B877-E1DEFB611344}"
EndProject
Project("{9A19103F-16F7-4668-BE54-9A1E7A4F7556}") = "Model", "Model\Model.csproj", "{23EF8B7F-7FD8-4498-B978-65158C6FC8CC}"
EndProject
Project("{9A19103F-16F7-4668-BE54-9A1E7A4F7556}") = "WinFormsApp1", "WinFormsApp1\WinFormsApp1.csproj", "{B5278084-B34B-4E8C-8A1A-59F98F45522E}"
EndProject
Project("{FAE04EC0-301F-11D3-BF4B-00C04F79EFBC}") = "ExpCode", "ExpCode\ExpCode.csproj", "{D1680A45-9FF3-4D20-B83B-6C3105A62D6A}"
EndProject
Global
	GlobalSection(SolutionConfigurationPlatforms) = preSolution
		Debug|Any CPU = Debug|Any CPU
		Release|Any CPU = Release|Any CPU
	EndGlobalSection
	GlobalSection(ProjectConfigurationPlatforms) = postSolution
		{99366A8D-40BE-4549-BDF4-AE55D9CFF0A5}.Debug|Any CPU.ActiveCfg = Debug|Any CPU
		{99366A8D-40BE-4549-BDF4-AE55D9CFF0A5}.Debug|Any CPU.Build.0 = Debug|Any CPU
		{99366A8D-40BE-4549-BDF4-AE55D9CFF0A5}.Release|Any CPU.ActiveCfg = Release|Any CPU
		{99366A8D-40BE-4549-BDF4-AE55D9CFF0A5}.Release|Any CPU.Build.0 = Release|Any CPU
		{F7FFA489-260E-4542-83EF-E4D21422553B}.Debug|Any CPU.ActiveCfg = Debug|Any CPU
		{F7FFA489-260E-4542-83EF-E4D21422553B}.Debug|Any CPU.Build.0 = Debug|Any CPU
		{F7FFA489-260E-4542-83EF-E4D21422553B}.Release|Any CPU.ActiveCfg = Release|Any CPU
		{F7FFA489-260E-4542-83EF-E4D21422553B}.Release|Any CPU.Build.0 = Release|Any CPU
		{C1CDB551-2B8F-4F4B-B877-E1DEFB611344}.Debug|Any CPU.ActiveCfg = Debug|Any CPU
		{C1CDB551-2B8F-4F4B-B877-E1DEFB611344}.Debug|Any CPU.Build.0 = Debug|Any CPU
		{C1CDB551-2B8F-4F4B-B877-E1DEFB611344}.Release|Any CPU.ActiveCfg = Release|Any CPU
		{C1CDB551-2B8F-4F4B-B877-E1DEFB611344}.Release|Any CPU.Build.0 = Release|Any CPU
		{23EF8B7F-7FD8-4498-B978-65158C6FC8CC}.Debug|Any CPU.ActiveCfg = Debug|Any CPU
		{23EF8B7F-7FD8-4498-B978-65158C6FC8CC}.Debug|Any CPU.Build.0 = Debug|Any CPU
		{23EF8B7F-7FD8-4498-B978-65158C6FC8CC}.Release|Any CPU.ActiveCfg = Release|Any CPU
		{23EF8B7F-7FD8-4498-B978-65158C6FC8CC}.Release|Any CPU.Build.0 = Release|Any CPU
		{B5278084-B34B-4E8C-8A1A-59F98F45522E}.Debug|Any CPU.ActiveCfg = Debug|Any CPU
		{B5278084-B34B-4E8C-8A1A-59F98F45522E}.Debug|Any CPU.Build.0 = Debug|Any CPU
		{B5278084-B34B-4E8C-8A1A-59F98F45522E}.Release|Any CPU.ActiveCfg = Release|Any CPU
		{B5278084-B34B-4E8C-8A1A-59F98F45522E}.Release|Any CPU.Build.0 = Release|Any CPU
		{D1680A45-9FF3-4D20-B83B-6C3105A62D6A}.Debug|Any CPU.ActiveCfg = Debug|Any CPU
		{D1680A45-9FF3-4D20-B83B-6C3105A62D6A}.Debug|Any CPU.Build.0 = Debug|Any CPU
		{D1680A45-9FF3-4D20-B83B-6C3105A62D6A}.Release|Any CPU.ActiveCfg = Release|Any CPU
		{D1680A45-9FF3-4D20-B83B-6C3105A62D6A}.Release|Any CPU.Build.0 = Release|Any CPU
	EndGlobalSection
	GlobalSection(SolutionProperties) = preSolution
		HideSolutionNode = FALSE
	EndGlobalSection
	GlobalSection(ExtensibilityGlobals) = postSolution
		SolutionGuid = {B4557F5F-BD5F-4AD6-A9A1-E8A58F1EC1BE}
	EndGlobalSection
EndGlobal
